
Microsoft Visual Studio Solution File, Format Version 12.00
# Visual Studio Version 17
VisualStudioVersion = 17.9.34622.214
MinimumVisualStudioVersion = 10.0.40219.1
Project("{FAE04EC0-301F-11D3-BF4B-00C04F79EFBC}") = "Projekt", "Projekt\Projekt.csproj", "{672C5DEB-44F9-4256-BF09-3F7FF78A6DD3}"
EndProject
Project("{FAE04EC0-301F-11D3-BF4B-00C04F79EFBC}") = "ProjectTest", "ProjectTest\ProjectTest.csproj", "{6A475758-FC1A-4B7E-9FDC-83D9E605B0AE}"
EndProject
Global
	GlobalSection(SolutionConfigurationPlatforms) = preSolution
		Debug|Any CPU = Debug|Any CPU
		Release|Any CPU = Release|Any CPU
	EndGlobalSection
	GlobalSection(ProjectConfigurationPlatforms) = postSolution
		{672C5DEB-44F9-4256-BF09-3F7FF78A6DD3}.Debug|Any CPU.ActiveCfg = Debug|Any CPU
		{672C5DEB-44F9-4256-BF09-3F7FF78A6DD3}.Debug|Any CPU.Build.0 = Debug|Any CPU
		{672C5DEB-44F9-4256-BF09-3F7FF78A6DD3}.Release|Any CPU.ActiveCfg = Release|Any CPU
		{672C5DEB-44F9-4256-BF09-3F7FF78A6DD3}.Release|Any CPU.Build.0 = Release|Any CPU
		{6A475758-FC1A-4B7E-9FDC-83D9E605B0AE}.Debug|Any CPU.ActiveCfg = Debug|Any CPU
		{6A475758-FC1A-4B7E-9FDC-83D9E605B0AE}.Debug|Any CPU.Build.0 = Debug|Any CPU
		{6A475758-FC1A-4B7E-9FDC-83D9E605B0AE}.Release|Any CPU.ActiveCfg = Release|Any CPU
		{6A475758-FC1A-4B7E-9FDC-83D9E605B0AE}.Release|Any CPU.Build.0 = Release|Any CPU
	EndGlobalSection
	GlobalSection(SolutionProperties) = preSolution
		HideSolutionNode = FALSE
	EndGlobalSection
	GlobalSection(ExtensibilityGlobals) = postSolution
		SolutionGuid = {F5FE125C-8E35-48FB-B3FD-1DF8CB7D7853}
	EndGlobalSection
EndGlobal
